
Microsoft Visual Studio Solution File, Format Version 12.00
# Visual Studio 2013
VisualStudioVersion = 12.0.30501.0
MinimumVisualStudioVersion = 10.0.40219.1
Project("{FAE04EC0-301F-11D3-BF4B-00C04F79EFBC}") = "WWT.United.Data", "WWT.United.Data\WWT.United.Data.csproj", "{A762BA04-DF72-4A13-A4BF-938517720D23}"
EndProject
Project("{FAE04EC0-301F-11D3-BF4B-00C04F79EFBC}") = "WWT.United.UI", "WWT.United.UI\WWT.United.UI.csproj", "{7D22B904-00B4-4B4E-9495-B71A925D647A}"
EndProject
Global
	GlobalSection(TeamFoundationVersionControl) = preSolution
		SccNumberOfProjects = 3
		SccEnterpriseProvider = {4CA58AB2-18FA-4F8D-95D4-32DDF27D184C}
		SccTeamFoundationServer = https://tfs.wwt.com/tfs/defaultcollection
		SccLocalPath0 = .
		SccProjectUniqueName1 = WWT.United.Data\\WWT.United.Data.csproj
		SccProjectName1 = WWT.United.Data
		SccLocalPath1 = WWT.United.Data
		SccProjectUniqueName2 = WWT.United.UI\\WWT.United.UI.csproj
		SccProjectName2 = WWT.United.UI
		SccLocalPath2 = WWT.United.UI
	EndGlobalSection
	GlobalSection(SolutionConfigurationPlatforms) = preSolution
		Debug|Any CPU = Debug|Any CPU
		Release|Any CPU = Release|Any CPU
	EndGlobalSection
	GlobalSection(ProjectConfigurationPlatforms) = postSolution
		{A762BA04-DF72-4A13-A4BF-938517720D23}.Debug|Any CPU.ActiveCfg = Debug|Any CPU
		{A762BA04-DF72-4A13-A4BF-938517720D23}.Debug|Any CPU.Build.0 = Debug|Any CPU
		{A762BA04-DF72-4A13-A4BF-938517720D23}.Release|Any CPU.ActiveCfg = Release|Any CPU
		{A762BA04-DF72-4A13-A4BF-938517720D23}.Release|Any CPU.Build.0 = Release|Any CPU
		{7D22B904-00B4-4B4E-9495-B71A925D647A}.Debug|Any CPU.ActiveCfg = Debug|Any CPU
		{7D22B904-00B4-4B4E-9495-B71A925D647A}.Debug|Any CPU.Build.0 = Debug|Any CPU
		{7D22B904-00B4-4B4E-9495-B71A925D647A}.Debug|Any CPU.Deploy.0 = Debug|Any CPU
		{7D22B904-00B4-4B4E-9495-B71A925D647A}.Release|Any CPU.ActiveCfg = Release|Any CPU
		{7D22B904-00B4-4B4E-9495-B71A925D647A}.Release|Any CPU.Build.0 = Release|Any CPU
		{7D22B904-00B4-4B4E-9495-B71A925D647A}.Release|Any CPU.Deploy.0 = Release|Any CPU
	EndGlobalSection
	GlobalSection(SolutionProperties) = preSolution
		HideSolutionNode = FALSE
	EndGlobalSection
EndGlobal
